
Microsoft Visual Studio Solution File, Format Version 12.00
# Visual Studio Version 17
VisualStudioVersion = 17.4.33213.308
MinimumVisualStudioVersion = 10.0.40219.1
Project("{FAE04EC0-301F-11D3-BF4B-00C04F79EFBC}") = "cycle", "cycle\cycle.csproj", "{FC2A0A21-CB93-4A58-9729-FA7F8911C5A0}"
EndProject
Global
	GlobalSection(SolutionConfigurationPlatforms) = preSolution
		Debug|Any CPU = Debug|Any CPU
		Release|Any CPU = Release|Any CPU
	EndGlobalSection
	GlobalSection(ProjectConfigurationPlatforms) = postSolution
		{FC2A0A21-CB93-4A58-9729-FA7F8911C5A0}.Debug|Any CPU.ActiveCfg = Debug|Any CPU
		{FC2A0A21-CB93-4A58-9729-FA7F8911C5A0}.Debug|Any CPU.Build.0 = Debug|Any CPU
		{FC2A0A21-CB93-4A58-9729-FA7F8911C5A0}.Release|Any CPU.ActiveCfg = Release|Any CPU
		{FC2A0A21-CB93-4A58-9729-FA7F8911C5A0}.Release|Any CPU.Build.0 = Release|Any CPU
	EndGlobalSection
	GlobalSection(SolutionProperties) = preSolution
		HideSolutionNode = FALSE
	EndGlobalSection
	GlobalSection(ExtensibilityGlobals) = postSolution
		SolutionGuid = {E4C200DB-2B8B-47F1-9EDF-1B4C6918A800}
	EndGlobalSection
EndGlobal
